{
  "object": {
    "pins": [
      {
        "package": "grpc-swift",
        "repositoryURL": "https://github.com/grpc/grpc-swift.git",
        "state": {
          "branch": null,
          "revision": "640b0ef1d0be63bda0ada86786cfda678ab2aae9",
          "version": "1.0.0-alpha.19"
        }
      },
      {
        "package": "OpenCombine",
        "repositoryURL": "https://github.com/broadwaylamb/OpenCombine.git",
        "state": {
          "branch": null,
          "revision": "f3d068d6f2090d2913c9e1b75cc36cef962a530c",
          "version": "0.10.0"
        }
      },
      {
        "package": "swift-crypto",
        "repositoryURL": "https://github.com/apple/swift-crypto.git",
        "state": {
          "branch": null,
          "revision": "9b9d1868601a199334da5d14f4ab2d37d4f8d0c5",
          "version": "1.0.2"
        }
      },
      {
        "package": "swift-log",
        "repositoryURL": "https://github.com/apple/swift-log.git",
        "state": {
          "branch": null,
          "revision": "173f567a2dfec11d74588eea82cecea555bdc0bc",
          "version": "1.4.0"
        }
      },
      {
        "package": "swift-nio",
        "repositoryURL": "https://github.com/apple/swift-nio.git",
        "state": {
          "branch": null,
          "revision": "5fc24345f92ec4c274121776c215ab0aa1ed4d50",
          "version": "2.22.0"
        }
      },
      {
        "package": "swift-nio-http2",
        "repositoryURL": "https://github.com/apple/swift-nio-http2.git",
        "state": {
          "branch": null,
          "revision": "1e68e51752be0b43c5a0ef35818c1dd24d13e77c",
          "version": "1.14.1"
        }
      },
      {
        "package": "swift-nio-ssl",
        "repositoryURL": "https://github.com/apple/swift-nio-ssl.git",
        "state": {
          "branch": null,
          "revision": "ea1dfd64193bf5af4490635a4a44c4fb43b1e1ae",
          "version": "2.9.1"
        }
      },
      {
        "package": "swift-nio-transport-services",
        "repositoryURL": "https://github.com/apple/swift-nio-transport-services.git",
        "state": {
          "branch": null,
          "revision": "bb56586c4cab9a79dce6ec4738baddb5802c5de7",
          "version": "1.9.0"
        }
      },
      {
        "package": "SwiftProtobuf",
        "repositoryURL": "https://github.com/apple/swift-protobuf.git",
        "state": {
          "branch": null,
          "revision": "0279688c9fc5a40028e1b5bb0cb56534a45a6020",
          "version": "1.12.0"
        }
      },
      {
        "package": "Atk",
        "repositoryURL": "https://github.com/rhx/SwiftAtk.git",
        "state": {
          "branch": "master",
          "revision": "9670f69a5b25dce669f459637dd44e8c10183516",
          "version": null
        }
      },
      {
        "package": "Cairo",
        "repositoryURL": "https://github.com/rhx/SwiftCairo.git",
        "state": {
          "branch": "master",
          "revision": "0462c9e98a0c23fa62a182dd9b7f1e10c2c49f75",
          "version": null
        }
      },
      {
        "package": "Gdk",
        "repositoryURL": "https://github.com/rhx/SwiftGdk.git",
        "state": {
          "branch": "master",
          "revision": "dca70cb5f42195a86927892e4bdc2cdc3ff4683c",
          "version": null
        }
      },
      {
        "package": "GdkPixbuf",
        "repositoryURL": "https://github.com/rhx/SwiftGdkPixbuf.git",
        "state": {
          "branch": "master",
          "revision": "5337abbb820a64239206e29ddf61d2e6de870aa2",
          "version": null
        }
      },
      {
        "package": "GIO",
        "repositoryURL": "https://github.com/rhx/SwiftGIO.git",
        "state": {
          "branch": "master",
          "revision": "c9762a2cea1527f9832720766c4780ff6e8862fa",
          "version": null
        }
      },
      {
        "package": "GLib",
        "repositoryURL": "https://github.com/rhx/SwiftGLib.git",
        "state": {
          "branch": "master",
          "revision": "3aad102f5d2f2105b5174ac7bc529103bfbdcbfe",
          "version": null
        }
      },
      {
        "package": "GModule",
        "repositoryURL": "https://github.com/rhx/SwiftGModule.git",
        "state": {
          "branch": "master",
          "revision": "59a8089849355e97d8a5e641abfa5e00cb58a2bc",
          "version": null
        }
      },
      {
        "package": "GLibObject",
        "repositoryURL": "https://github.com/rhx/SwiftGObject.git",
        "state": {
          "branch": "master",
          "revision": "e09b3287407202ebe9b1f200fbbc5f9883d2053a",
          "version": null
        }
      },
      {
        "package": "Gtk",
        "repositoryURL": "https://github.com/rhx/SwiftGtk.git",
        "state": {
          "branch": "master",
          "revision": "453a03617fc675c1bdb7a4150b1bcd5819d87f9b",
          "version": null
        }
      },
      {
        "package": "Pango",
        "repositoryURL": "https://github.com/rhx/SwiftPango.git",
        "state": {
          "branch": "master",
          "revision": "0c80c3765926f8704afebcf9c3e75cbddc5d5eb1",
          "version": null
        }
      },
      {
        "package": "PangoCairo",
        "repositoryURL": "https://github.com/rhx/SwiftPangoCairo.git",
        "state": {
          "branch": "master",
          "revision": "686f340b32bc22fe1b0e1930debad5af37a7e62d",
          "version": null
        }
      }
    ]
  },
  "version": 1
}
