{
  "object": {
    "pins": [
      {
        "package": "Atk",
        "repositoryURL": "https://github.com/rhx/SwiftAtk.git",
        "state": {
          "branch": "master",
          "revision": "10cd136c1f2b3e3d0a7bcfb35765dbecfb03a1cc",
          "version": null
        }
      },
      {
        "package": "Cairo",
        "repositoryURL": "https://github.com/rhx/SwiftCairo.git",
        "state": {
          "branch": "master",
          "revision": "adcbf216e911ac115d24e8c9defe893a09c2dff7",
          "version": null
        }
      },
      {
        "package": "Gdk",
        "repositoryURL": "https://github.com/rhx/SwiftGdk.git",
        "state": {
          "branch": "master",
          "revision": "a82f116ed32f9ac20ad3d48712c3a49e1e73b022",
          "version": null
        }
      },
      {
        "package": "GdkPixbuf",
        "repositoryURL": "https://github.com/rhx/SwiftGdkPixbuf.git",
        "state": {
          "branch": "master",
          "revision": "3404637644c14d30b69760d51e6aa6bb52ff80e7",
          "version": null
        }
      },
      {
        "package": "GIO",
        "repositoryURL": "https://github.com/rhx/SwiftGIO.git",
        "state": {
          "branch": "master",
          "revision": "c9493ea2c182696476f4d7bd5571529c93702038",
          "version": null
        }
      },
      {
        "package": "GLib",
        "repositoryURL": "https://github.com/rhx/SwiftGLib.git",
        "state": {
          "branch": "master",
          "revision": "f55188455f0c95d924350e0f6e581d7b21f82ce1",
          "version": null
        }
      },
      {
        "package": "GModule",
        "repositoryURL": "https://github.com/rhx/SwiftGModule.git",
        "state": {
          "branch": "master",
          "revision": "3d7b665c42b06d55dcec324541cbe2c7aae0da6f",
          "version": null
        }
      },
      {
        "package": "GLibObject",
        "repositoryURL": "https://github.com/rhx/SwiftGObject.git",
        "state": {
          "branch": "master",
          "revision": "361f2f465b4d552665b95d60624be618c3084233",
          "version": null
        }
      },
      {
        "package": "Gtk",
        "repositoryURL": "https://github.com/rhx/SwiftGtk.git",
        "state": {
          "branch": "master",
          "revision": "91a7217f225f29eab811723547d1f1b0f6c9896a",
          "version": null
        }
      },
      {
        "package": "Pango",
        "repositoryURL": "https://github.com/rhx/SwiftPango.git",
        "state": {
          "branch": "master",
          "revision": "220376babb9a5769ecee6751eac6466fad6a57f9",
          "version": null
        }
      },
      {
        "package": "PangoCairo",
        "repositoryURL": "https://github.com/rhx/SwiftPangoCairo.git",
        "state": {
          "branch": "master",
          "revision": "f76b7e24b40fd2a09e4aa4f3f863810d7e7cc643",
          "version": null
        }
      }
    ]
  },
  "version": 1
}
